<?xml version="1.0" encoding="UTF-8" standalone="yes" ?>
<CodeBlocks_project_file>
	<FileVersion major="1" minor="6" />
	<Project>
		<Option title="OZMAV2" />
		<Option pch_mode="2" />
		<Option compiler="gcc" />
		<Build>
			<Target title="Debug - Win32">
				<Option platforms="Windows;" />
				<Option output="..\OZMAV2_debug" prefix_auto="1" extension_auto="1" />
				<Option object_output="obj\DebugW32\" />
				<Option type="1" />
				<Option compiler="gcc" />
				<Option parameters="-r ..\zmq_debug_test.z64 -s 108 -d 1" />
				<Compiler>
					<Add option="-Wall" />
					<Add option="-g" />
					<Add directory="D:\zlib-1.2.3-lib\include" />
					<Add directory="D:\libpng-1.2.37-lib\include" />
					<Add directory="C:\Programme\PDCurses-SO" />
					<Add directory="C:\Programme\PDCurses-SO\win32" />
				</Compiler>
				<Linker>
					<Add library="..\libbadRDP_debug.a" />
					<Add library="opengl32" />
					<Add library="glu32" />
					<Add library="glaux" />
					<Add library="kernel32" />
					<Add library="user32" />
					<Add library="gdi32" />
					<Add library="D:\libpng-1.2.37-lib\lib\libpng12.dll.a" />
					<Add library="D:\zlib-1.2.3-lib\lib\libz.a" />
					<Add library="..\..\libMISAKA\libMISAKA_debug.a" />
					<Add library="C:\Programme\PDCurses-SO\win32\panel.a" />
					<Add library="C:\Programme\PDCurses-SO\win32\pdcurses.a" />
				</Linker>
			</Target>
			<Target title="Release - Win32">
				<Option platforms="Windows;" />
				<Option output="..\OZMAV2" prefix_auto="1" extension_auto="1" />
				<Option object_output="obj\ReleaseW32\" />
				<Option type="1" />
				<Option compiler="gcc" />
				<Option parameters="-r ..\zmq_debug.z64 -s 81" />
				<Compiler>
					<Add option="-O2" />
					<Add directory="D:\zlib-1.2.3-lib\include" />
					<Add directory="D:\libpng-1.2.37-lib\include" />
					<Add directory="C:\Programme\PDCurses-SO" />
					<Add directory="C:\Programme\PDCurses-SO\win32" />
				</Compiler>
				<Linker>
					<Add option="-s" />
					<Add library="..\libbadRDP.a" />
					<Add library="opengl32" />
					<Add library="glu32" />
					<Add library="glaux" />
					<Add library="kernel32" />
					<Add library="user32" />
					<Add library="gdi32" />
					<Add library="D:\libpng-1.2.37-lib\lib\libpng12.dll.a" />
					<Add library="D:\zlib-1.2.3-lib\lib\libz.a" />
					<Add library="..\..\libMISAKA\libMISAKA.a" />
					<Add library="C:\Programme\PDCurses-SO\win32\panel.a" />
					<Add library="C:\Programme\PDCurses-SO\win32\pdcurses.a" />
				</Linker>
			</Target>
			<Target title="Debug - Linux">
				<Option platforms="Unix;" />
				<Option output="..\OZMAV2_debug" prefix_auto="1" extension_auto="1" />
				<Option object_output="obj\DebugLinux\" />
				<Option type="1" />
				<Option compiler="gcc" />
				<Option parameters='&quot;..\Legend of Zelda, The - Ocarina of Time (U) (V1.0) [!].z64&quot; 81 -d 1' />
				<Compiler>
					<Add option="-Wall" />
					<Add option="-g" />
				</Compiler>
				<Linker>
					<Add library="..\..\libbadRDP\libbadRDP_debug.a" />
					<Add library="GL" />
					<Add library="X11" />
					<Add library="png" />
					<Add library="curses" />
					<Add library="..\..\libMISAKA\libMISAKA_debug.a" />
				</Linker>
			</Target>
			<Target title="Release - Linux">
				<Option platforms="Unix;" />
				<Option output="..\OZMAV2" prefix_auto="1" extension_auto="1" />
				<Option object_output="obj\ReleaseLinux\" />
				<Option type="1" />
				<Option compiler="gcc" />
				<Option parameters='&quot;..\Legend of Zelda, The - Ocarina of Time (U) (V1.0) [!].z64&quot; 81 -d 1' />
				<Compiler>
					<Add option="-O2" />
				</Compiler>
				<Linker>
					<Add option="-s" />
					<Add library="..\..\libbadRDP\libbadRDP.a" />
					<Add library="GL" />
					<Add library="X11" />
					<Add library="png" />
					<Add library="curses" />
					<Add library="..\..\libMISAKA\libMISAKA.a" />
				</Linker>
			</Target>
		</Build>
		<Compiler>
			<Add option="-Wall" />
		</Compiler>
		<Unit filename="__linux.c">
			<Option compilerVar="CC" />
		</Unit>
		<Unit filename="__linux.h" />
		<Unit filename="__win32.c">
			<Option compilerVar="CC" />
		</Unit>
		<Unit filename="__win32.h" />
		<Unit filename="badrdp.h" />
		<Unit filename="camera.c">
			<Option compilerVar="CC" />
		</Unit>
		<Unit filename="camera.h" />
		<Unit filename="confunc.c">
			<Option compilerVar="CC" />
		</Unit>
		<Unit filename="confunc.h" />
		<Unit filename="dialog.h" />
		<Unit filename="draw.c">
			<Option compilerVar="CC" />
		</Unit>
		<Unit filename="draw.h" />
		<Unit filename="globals.h" />
		<Unit filename="main.c">
			<Option compilerVar="CC" />
		</Unit>
		<Unit filename="mips-eval.c">
			<Option compilerVar="CC" />
		</Unit>
		<Unit filename="mips-eval.h" />
		<Unit filename="misaka.h" />
		<Unit filename="mouse.c">
			<Option compilerVar="CC" />
		</Unit>
		<Unit filename="mouse.h" />
		<Unit filename="oz.c">
			<Option compilerVar="CC" />
		</Unit>
		<Unit filename="oz.h" />
		<Unit filename="r3400i.h" />
		<Unit filename="zactors.c">
			<Option compilerVar="CC" />
		</Unit>
		<Unit filename="zactors.h" />
		<Unit filename="zelda.c">
			<Option compilerVar="CC" />
		</Unit>
		<Unit filename="zelda.h" />
		<Unit filename="zelda_cmb.h" />
		<Unit filename="zelda_ver.h" />
		<Extensions>
			<code_completion />
			<envvars />
			<debugger />
		</Extensions>
	</Project>
</CodeBlocks_project_file>
